
Microsoft Visual Studio Solution File, Format Version 12.00
# Visual Studio Version 16
VisualStudioVersion = 16.0.29806.167
MinimumVisualStudioVersion = 10.0.40219.1
Project("{FAE04EC0-301F-11D3-BF4B-00C04F79EFBC}") = "DapperUygulama", "DapperUygulama\DapperUygulama.csproj", "{3C350ACB-42C7-497C-9C9D-B6C3D51A4AA1}"
EndProject
Project("{54435603-DBB4-11D2-8724-00A0C9A8B90C}") = "Kurulum", "Kurulum\Kurulum.vdproj", "{1C96A953-45AD-4772-8835-D462E8E73B11}"
EndProject
Global
	GlobalSection(SolutionConfigurationPlatforms) = preSolution
		Debug|Any CPU = Debug|Any CPU
		Release|Any CPU = Release|Any CPU
	EndGlobalSection
	GlobalSection(ProjectConfigurationPlatforms) = postSolution
		{3C350ACB-42C7-497C-9C9D-B6C3D51A4AA1}.Debug|Any CPU.ActiveCfg = Debug|Any CPU
		{3C350ACB-42C7-497C-9C9D-B6C3D51A4AA1}.Debug|Any CPU.Build.0 = Debug|Any CPU
		{3C350ACB-42C7-497C-9C9D-B6C3D51A4AA1}.Release|Any CPU.ActiveCfg = Release|Any CPU
		{3C350ACB-42C7-497C-9C9D-B6C3D51A4AA1}.Release|Any CPU.Build.0 = Release|Any CPU
		{1C96A953-45AD-4772-8835-D462E8E73B11}.Debug|Any CPU.ActiveCfg = Debug
		{1C96A953-45AD-4772-8835-D462E8E73B11}.Release|Any CPU.ActiveCfg = Release
	EndGlobalSection
	GlobalSection(SolutionProperties) = preSolution
		HideSolutionNode = FALSE
	EndGlobalSection
	GlobalSection(ExtensibilityGlobals) = postSolution
		SolutionGuid = {E7E83808-BF5C-4204-A254-22EB07A47F41}
	EndGlobalSection
EndGlobal
